
Microsoft Visual Studio Solution File, Format Version 12.00
# Visual Studio 15
Project("{FAE04EC0-301F-11D3-BF4B-00C04F79EFBC}") = "Assembly-CSharp", "Assembly-CSharp.csproj", "{5AFE6466-1E40-2140-5D91-F49650F8643B}"
EndProject
Project("{FAE04EC0-301F-11D3-BF4B-00C04F79EFBC}") = "Assembly-CSharp-Editor", "Assembly-CSharp-Editor.csproj", "{0102A57A-FE58-C9B6-7482-536F446D4C44}"
EndProject
Global
	GlobalSection(SolutionConfigurationPlatforms) = preSolution
		Debug|Any CPU = Debug|Any CPU
		Release|Any CPU = Release|Any CPU
	EndGlobalSection
	GlobalSection(ProjectConfigurationPlatforms) = postSolution
		{5AFE6466-1E40-2140-5D91-F49650F8643B}.Debug|Any CPU.ActiveCfg = Debug|Any CPU
		{5AFE6466-1E40-2140-5D91-F49650F8643B}.Debug|Any CPU.Build.0 = Debug|Any CPU
		{5AFE6466-1E40-2140-5D91-F49650F8643B}.Release|Any CPU.ActiveCfg = Release|Any CPU
		{5AFE6466-1E40-2140-5D91-F49650F8643B}.Release|Any CPU.Build.0 = Release|Any CPU
		{0102A57A-FE58-C9B6-7482-536F446D4C44}.Debug|Any CPU.ActiveCfg = Debug|Any CPU
		{0102A57A-FE58-C9B6-7482-536F446D4C44}.Debug|Any CPU.Build.0 = Debug|Any CPU
		{0102A57A-FE58-C9B6-7482-536F446D4C44}.Release|Any CPU.ActiveCfg = Release|Any CPU
		{0102A57A-FE58-C9B6-7482-536F446D4C44}.Release|Any CPU.Build.0 = Release|Any CPU
	EndGlobalSection
	GlobalSection(SolutionProperties) = preSolution
		HideSolutionNode = FALSE
	EndGlobalSection
EndGlobal
